
Microsoft Visual Studio Solution File, Format Version 12.00
# Visual Studio Version 16
VisualStudioVersion = 16.0.30011.22
MinimumVisualStudioVersion = 10.0.40219.1
Project("{FAE04EC0-301F-11D3-BF4B-00C04F79EFBC}") = "MasterClass_ZooApp", "MasterClass_ZooApp.csproj", "{45CB00F3-0A46-433E-9FD9-C9F7B55D6D74}"
EndProject
Global
	GlobalSection(SolutionConfigurationPlatforms) = preSolution
		Debug|Any CPU = Debug|Any CPU
		Release|Any CPU = Release|Any CPU
	EndGlobalSection
	GlobalSection(ProjectConfigurationPlatforms) = postSolution
		{45CB00F3-0A46-433E-9FD9-C9F7B55D6D74}.Debug|Any CPU.ActiveCfg = Debug|Any CPU
		{45CB00F3-0A46-433E-9FD9-C9F7B55D6D74}.Debug|Any CPU.Build.0 = Debug|Any CPU
		{45CB00F3-0A46-433E-9FD9-C9F7B55D6D74}.Release|Any CPU.ActiveCfg = Release|Any CPU
		{45CB00F3-0A46-433E-9FD9-C9F7B55D6D74}.Release|Any CPU.Build.0 = Release|Any CPU
	EndGlobalSection
	GlobalSection(SolutionProperties) = preSolution
		HideSolutionNode = FALSE
	EndGlobalSection
	GlobalSection(ExtensibilityGlobals) = postSolution
		SolutionGuid = {9099A92C-ACA0-471B-BA1E-7B0B91D6E9DD}
	EndGlobalSection
EndGlobal
